
Microsoft Visual Studio Solution File, Format Version 12.00
# Visual Studio Version 17
VisualStudioVersion = 17.8.34511.84
MinimumVisualStudioVersion = 10.0.40219.1
Project("{FAE04EC0-301F-11D3-BF4B-00C04F79EFBC}") = "Esercitazione_Polizia", "Esercitazione_Polizia\Esercitazione_Polizia.csproj", "{F317F561-4FD0-439C-B3A9-1AD479813E6A}"
EndProject
Global
	GlobalSection(SolutionConfigurationPlatforms) = preSolution
		Debug|Any CPU = Debug|Any CPU
		Release|Any CPU = Release|Any CPU
	EndGlobalSection
	GlobalSection(ProjectConfigurationPlatforms) = postSolution
		{F317F561-4FD0-439C-B3A9-1AD479813E6A}.Debug|Any CPU.ActiveCfg = Debug|Any CPU
		{F317F561-4FD0-439C-B3A9-1AD479813E6A}.Debug|Any CPU.Build.0 = Debug|Any CPU
		{F317F561-4FD0-439C-B3A9-1AD479813E6A}.Release|Any CPU.ActiveCfg = Release|Any CPU
		{F317F561-4FD0-439C-B3A9-1AD479813E6A}.Release|Any CPU.Build.0 = Release|Any CPU
	EndGlobalSection
	GlobalSection(SolutionProperties) = preSolution
		HideSolutionNode = FALSE
	EndGlobalSection
	GlobalSection(ExtensibilityGlobals) = postSolution
		SolutionGuid = {232C6406-1B05-4839-AC11-FE3044D7CAB4}
	EndGlobalSection
EndGlobal
